
Microsoft Visual Studio Solution File, Format Version 12.00
# Visual Studio Version 17
VisualStudioVersion = 17.8.34330.188
MinimumVisualStudioVersion = 10.0.40219.1
Project("{9A19103F-16F7-4668-BE54-9A1E7A4F7556}") = "Core.Persistence", "Core.Persistence\Core.Persistence.csproj", "{DC2B96CC-5088-4021-99BC-2C5EE51DDE1E}"
EndProject
Project("{9A19103F-16F7-4668-BE54-9A1E7A4F7556}") = "Core.Application", "Core.Application\Core.Application.csproj", "{6C986623-E506-454B-BEC9-D5EF94CF70AB}"
EndProject
Project("{FAE04EC0-301F-11D3-BF4B-00C04F79EFBC}") = "Core.CrossCuttingConcerns", "Core.CrossCuttingConcerns\Core.CrossCuttingConcerns.csproj", "{A5C91987-2AE1-4897-8FDB-E4A60A13ABA3}"
EndProject
Global
	GlobalSection(SolutionConfigurationPlatforms) = preSolution
		Debug|Any CPU = Debug|Any CPU
		Release|Any CPU = Release|Any CPU
	EndGlobalSection
	GlobalSection(ProjectConfigurationPlatforms) = postSolution
		{DC2B96CC-5088-4021-99BC-2C5EE51DDE1E}.Debug|Any CPU.ActiveCfg = Debug|Any CPU
		{DC2B96CC-5088-4021-99BC-2C5EE51DDE1E}.Debug|Any CPU.Build.0 = Debug|Any CPU
		{DC2B96CC-5088-4021-99BC-2C5EE51DDE1E}.Release|Any CPU.ActiveCfg = Release|Any CPU
		{DC2B96CC-5088-4021-99BC-2C5EE51DDE1E}.Release|Any CPU.Build.0 = Release|Any CPU
		{6C986623-E506-454B-BEC9-D5EF94CF70AB}.Debug|Any CPU.ActiveCfg = Debug|Any CPU
		{6C986623-E506-454B-BEC9-D5EF94CF70AB}.Debug|Any CPU.Build.0 = Debug|Any CPU
		{6C986623-E506-454B-BEC9-D5EF94CF70AB}.Release|Any CPU.ActiveCfg = Release|Any CPU
		{6C986623-E506-454B-BEC9-D5EF94CF70AB}.Release|Any CPU.Build.0 = Release|Any CPU
		{A5C91987-2AE1-4897-8FDB-E4A60A13ABA3}.Debug|Any CPU.ActiveCfg = Debug|Any CPU
		{A5C91987-2AE1-4897-8FDB-E4A60A13ABA3}.Debug|Any CPU.Build.0 = Debug|Any CPU
		{A5C91987-2AE1-4897-8FDB-E4A60A13ABA3}.Release|Any CPU.ActiveCfg = Release|Any CPU
		{A5C91987-2AE1-4897-8FDB-E4A60A13ABA3}.Release|Any CPU.Build.0 = Release|Any CPU
	EndGlobalSection
	GlobalSection(SolutionProperties) = preSolution
		HideSolutionNode = FALSE
	EndGlobalSection
	GlobalSection(ExtensibilityGlobals) = postSolution
		SolutionGuid = {3D6F74DA-37A7-4A8A-8BFB-FF049F1B6FD6}
	EndGlobalSection
EndGlobal
